
Microsoft Visual Studio Solution File, Format Version 12.00
# Visual Studio Version 17
VisualStudioVersion = 17.6.33815.320
MinimumVisualStudioVersion = 10.0.40219.1
Project("{FAE04EC0-301F-11D3-BF4B-00C04F79EFBC}") = "MireaNFCProjectAPI", "MireaNFCProjectAPI\MireaNFCProjectAPI.csproj", "{700DA5BD-EC75-401A-B54E-C44705612099}"
EndProject
Global
	GlobalSection(SolutionConfigurationPlatforms) = preSolution
		Debug|Any CPU = Debug|Any CPU
		Release|Any CPU = Release|Any CPU
	EndGlobalSection
	GlobalSection(ProjectConfigurationPlatforms) = postSolution
		{700DA5BD-EC75-401A-B54E-C44705612099}.Debug|Any CPU.ActiveCfg = Debug|Any CPU
		{700DA5BD-EC75-401A-B54E-C44705612099}.Debug|Any CPU.Build.0 = Debug|Any CPU
		{700DA5BD-EC75-401A-B54E-C44705612099}.Release|Any CPU.ActiveCfg = Release|Any CPU
		{700DA5BD-EC75-401A-B54E-C44705612099}.Release|Any CPU.Build.0 = Release|Any CPU
	EndGlobalSection
	GlobalSection(SolutionProperties) = preSolution
		HideSolutionNode = FALSE
	EndGlobalSection
	GlobalSection(ExtensibilityGlobals) = postSolution
		SolutionGuid = {3E0F91C6-0AAF-48D8-A890-3565AD933200}
	EndGlobalSection
EndGlobal
